
Microsoft Visual Studio Solution File, Format Version 12.00
# Visual Studio Version 17
VisualStudioVersion = 17.13.35931.197
MinimumVisualStudioVersion = 10.0.40219.1
Project("{FAE04EC0-301F-11D3-BF4B-00C04F79EFBC}") = "VehicleServiceBook", "VehicleServiceBook.csproj", "{DD2E93AB-7CED-4C9A-B02A-A8601FF2F71D}"
EndProject
Project("{FAE04EC0-301F-11D3-BF4B-00C04F79EFBC}") = "VehicleServiceBookTests", "..\VehicleServiceBookTests\VehicleServiceBookTests.csproj", "{D39DCD1C-2BCE-48D1-AF6F-05FD198EAA57}"
EndProject
Global
	GlobalSection(SolutionConfigurationPlatforms) = preSolution
		Debug|Any CPU = Debug|Any CPU
		Release|Any CPU = Release|Any CPU
	EndGlobalSection
	GlobalSection(ProjectConfigurationPlatforms) = postSolution
		{DD2E93AB-7CED-4C9A-B02A-A8601FF2F71D}.Debug|Any CPU.ActiveCfg = Debug|Any CPU
		{DD2E93AB-7CED-4C9A-B02A-A8601FF2F71D}.Debug|Any CPU.Build.0 = Debug|Any CPU
		{DD2E93AB-7CED-4C9A-B02A-A8601FF2F71D}.Release|Any CPU.ActiveCfg = Release|Any CPU
		{DD2E93AB-7CED-4C9A-B02A-A8601FF2F71D}.Release|Any CPU.Build.0 = Release|Any CPU
		{D39DCD1C-2BCE-48D1-AF6F-05FD198EAA57}.Debug|Any CPU.ActiveCfg = Debug|Any CPU
		{D39DCD1C-2BCE-48D1-AF6F-05FD198EAA57}.Debug|Any CPU.Build.0 = Debug|Any CPU
		{D39DCD1C-2BCE-48D1-AF6F-05FD198EAA57}.Release|Any CPU.ActiveCfg = Release|Any CPU
		{D39DCD1C-2BCE-48D1-AF6F-05FD198EAA57}.Release|Any CPU.Build.0 = Release|Any CPU
	EndGlobalSection
	GlobalSection(SolutionProperties) = preSolution
		HideSolutionNode = FALSE
	EndGlobalSection
	GlobalSection(ExtensibilityGlobals) = postSolution
		SolutionGuid = {188651F9-44D2-4DD3-8C7B-3C73D1388699}
	EndGlobalSection
EndGlobal
